
Microsoft Visual Studio Solution File, Format Version 12.00
# Visual Studio Version 17
VisualStudioVersion = 17.3.32819.101
MinimumVisualStudioVersion = 10.0.40219.1
Project("{FAE04EC0-301F-11D3-BF4B-00C04F79EFBC}") = "Sheenam.Api", "Sheenam.Api\Sheenam.Api.csproj", "{D40B9303-2108-4278-9B34-7EAD1D77D39A}"
EndProject
Global
	GlobalSection(SolutionConfigurationPlatforms) = preSolution
		Debug|Any CPU = Debug|Any CPU
		Release|Any CPU = Release|Any CPU
	EndGlobalSection
	GlobalSection(ProjectConfigurationPlatforms) = postSolution
		{D40B9303-2108-4278-9B34-7EAD1D77D39A}.Debug|Any CPU.ActiveCfg = Debug|Any CPU
		{D40B9303-2108-4278-9B34-7EAD1D77D39A}.Debug|Any CPU.Build.0 = Debug|Any CPU
		{D40B9303-2108-4278-9B34-7EAD1D77D39A}.Release|Any CPU.ActiveCfg = Release|Any CPU
		{D40B9303-2108-4278-9B34-7EAD1D77D39A}.Release|Any CPU.Build.0 = Release|Any CPU
	EndGlobalSection
	GlobalSection(SolutionProperties) = preSolution
		HideSolutionNode = FALSE
	EndGlobalSection
	GlobalSection(ExtensibilityGlobals) = postSolution
		SolutionGuid = {7B6AB650-5D32-4EEB-B8BD-3809216E4AC1}
	EndGlobalSection
EndGlobal
